
Microsoft Visual Studio Solution File, Format Version 12.00
# Visual Studio Version 17
VisualStudioVersion = 17.4.33403.182
MinimumVisualStudioVersion = 10.0.40219.1
Project("{FAE04EC0-301F-11D3-BF4B-00C04F79EFBC}") = "FileDirOpdracht", "FileDirOpdracht\FileDirOpdracht.csproj", "{05942628-5D5D-421A-9B9A-5DBE0A49D9CF}"
EndProject
Global
	GlobalSection(SolutionConfigurationPlatforms) = preSolution
		Debug|Any CPU = Debug|Any CPU
		Release|Any CPU = Release|Any CPU
	EndGlobalSection
	GlobalSection(ProjectConfigurationPlatforms) = postSolution
		{05942628-5D5D-421A-9B9A-5DBE0A49D9CF}.Debug|Any CPU.ActiveCfg = Debug|Any CPU
		{05942628-5D5D-421A-9B9A-5DBE0A49D9CF}.Debug|Any CPU.Build.0 = Debug|Any CPU
		{05942628-5D5D-421A-9B9A-5DBE0A49D9CF}.Release|Any CPU.ActiveCfg = Release|Any CPU
		{05942628-5D5D-421A-9B9A-5DBE0A49D9CF}.Release|Any CPU.Build.0 = Release|Any CPU
	EndGlobalSection
	GlobalSection(SolutionProperties) = preSolution
		HideSolutionNode = FALSE
	EndGlobalSection
	GlobalSection(ExtensibilityGlobals) = postSolution
		SolutionGuid = {8187B0D3-1D8E-4A3B-897D-EBE33C1AB4D3}
	EndGlobalSection
EndGlobal
