
Microsoft Visual Studio Solution File, Format Version 12.00
# Visual Studio Version 17
VisualStudioVersion = 17.4.33403.182
MinimumVisualStudioVersion = 10.0.40219.1
Project("{FAE04EC0-301F-11D3-BF4B-00C04F79EFBC}") = "classes01", "classes01\classes01.csproj", "{C0194C92-E412-46F0-8266-427C26E822AC}"
EndProject
Global
	GlobalSection(SolutionConfigurationPlatforms) = preSolution
		Debug|Any CPU = Debug|Any CPU
		Release|Any CPU = Release|Any CPU
	EndGlobalSection
	GlobalSection(ProjectConfigurationPlatforms) = postSolution
		{C0194C92-E412-46F0-8266-427C26E822AC}.Debug|Any CPU.ActiveCfg = Debug|Any CPU
		{C0194C92-E412-46F0-8266-427C26E822AC}.Debug|Any CPU.Build.0 = Debug|Any CPU
		{C0194C92-E412-46F0-8266-427C26E822AC}.Release|Any CPU.ActiveCfg = Release|Any CPU
		{C0194C92-E412-46F0-8266-427C26E822AC}.Release|Any CPU.Build.0 = Release|Any CPU
	EndGlobalSection
	GlobalSection(SolutionProperties) = preSolution
		HideSolutionNode = FALSE
	EndGlobalSection
	GlobalSection(ExtensibilityGlobals) = postSolution
		SolutionGuid = {A01B2DA6-0BBD-4A8C-9C9E-27F67D1B9A69}
	EndGlobalSection
EndGlobal
